{
    "name": "clickr.extension",
    "version": "0.1.6",
    "lockfileVersion": 1,
    "requires": true,
    "dependencies": {
        "clickr": {
            "version": "0.1.1",
            "resolved": "https://registry.npmjs.org/clickr/-/clickr-0.1.1.tgz",
            "integrity": "sha512-AtKmreu/xQH5LmPuMIX1IpiaYsSKW319lLGeH4m6uy36hQF+QjyH5vgwRMODbuTumrjbrbxyWvk1b4uB8eED5A==",
            "requires": {
                "jquery": "^3.4.1"
            }
        },
        "jquery": {
            "version": "3.6.4",
            "resolved": "https://registry.npmjs.org/jquery/-/jquery-3.6.4.tgz",
            "integrity": "sha512-v28EW9DWDFpzcD9O5iyJXg3R3+q+mET5JhnjJzQUZMHOv67bpSIHq81GEYpPNZHG+XXHsfSme3nxp/hndKEcsQ=="
        }
    }
}
