{
    "name": "clickr.extension",
    "version": "0.1.7",
    "lockfileVersion": 1,
    "requires": true,
    "dependencies": {
        "clickr": {
            "version": "0.1.1",
            "resolved": "https://registry.npmjs.org/clickr/-/clickr-0.1.1.tgz",
            "integrity": "sha512-AtKmreu/xQH5LmPuMIX1IpiaYsSKW319lLGeH4m6uy36hQF+QjyH5vgwRMODbuTumrjbrbxyWvk1b4uB8eED5A==",
            "requires": {
                "jquery": "^3.4.1"
            }
        },
        "jquery": {
            "version": "3.5.1",
            "resolved": "https://registry.npmjs.org/jquery/-/jquery-3.5.1.tgz",
            "integrity": "sha512-XwIBPqcMn57FxfT+Go5pzySnm4KWkT1Tv7gjrpT1srtf8Weynl6R273VJ5GjkRb51IzMp5nbaPjJXMWeju2MKg=="
        }
    }
}
