# THIS IS AN AUTOGENERATED FILE. DO NOT EDIT THIS FILE DIRECTLY.
# yarn lockfile v1


clickr@0.1.1:
  version "0.1.1"
  resolved "https://registry.yarnpkg.com/clickr/-/clickr-0.1.1.tgz#68f4303342910b23d8b78000909eb173223e3326"
  integrity sha512-AtKmreu/xQH5LmPuMIX1IpiaYsSKW319lLGeH4m6uy36hQF+QjyH5vgwRMODbuTumrjbrbxyWvk1b4uB8eED5A==
  dependencies:
    jquery "^3.4.1"

jquery@^3.4.1:
  version "3.6.4"
  resolved "https://registry.yarnpkg.com/jquery/-/jquery-3.6.4.tgz#ba065c188142100be4833699852bf7c24dc0252f"
  integrity sha512-v28EW9DWDFpzcD9O5iyJXg3R3+q+mET5JhnjJzQUZMHOv67bpSIHq81GEYpPNZHG+XXHsfSme3nxp/hndKEcsQ==
